
Microsoft Visual Studio Solution File, Format Version 12.00
# Visual Studio Version 17
VisualStudioVersion = 17.10.35122.118
MinimumVisualStudioVersion = 10.0.40219.1
Project("{888888A0-9F3D-457C-B088-3A5042F75D52}") = "My_Code", "My_Code.pyproj", "{3AE76611-5EE6-4AEA-B1A7-5C1CD071950D}"
EndProject
Global
	GlobalSection(SolutionConfigurationPlatforms) = preSolution
		Debug|Any CPU = Debug|Any CPU
		Release|Any CPU = Release|Any CPU
	EndGlobalSection
	GlobalSection(ProjectConfigurationPlatforms) = postSolution
		{3AE76611-5EE6-4AEA-B1A7-5C1CD071950D}.Debug|Any CPU.ActiveCfg = Debug|Any CPU
		{3AE76611-5EE6-4AEA-B1A7-5C1CD071950D}.Release|Any CPU.ActiveCfg = Release|Any CPU
	EndGlobalSection
	GlobalSection(SolutionProperties) = preSolution
		HideSolutionNode = FALSE
	EndGlobalSection
	GlobalSection(ExtensibilityGlobals) = postSolution
		SolutionGuid = {A81BAD7C-4E6C-4A8A-8D20-FB7460D15B43}
	EndGlobalSection
EndGlobal
