
Microsoft Visual Studio Solution File, Format Version 12.00
# Visual Studio Version 17
VisualStudioVersion = 17.7.34031.279
MinimumVisualStudioVersion = 10.0.40219.1
Project("{888888A0-9F3D-457C-B088-3A5042F75D52}") = "Pickle jar", "Pickle jar.pyproj", "{744BE56F-0C0A-4BE8-B8D1-24DB8BB442A4}"
EndProject
Global
	GlobalSection(SolutionConfigurationPlatforms) = preSolution
		Debug|Any CPU = Debug|Any CPU
		Release|Any CPU = Release|Any CPU
	EndGlobalSection
	GlobalSection(ProjectConfigurationPlatforms) = postSolution
		{744BE56F-0C0A-4BE8-B8D1-24DB8BB442A4}.Debug|Any CPU.ActiveCfg = Debug|Any CPU
		{744BE56F-0C0A-4BE8-B8D1-24DB8BB442A4}.Release|Any CPU.ActiveCfg = Release|Any CPU
	EndGlobalSection
	GlobalSection(SolutionProperties) = preSolution
		HideSolutionNode = FALSE
	EndGlobalSection
	GlobalSection(ExtensibilityGlobals) = postSolution
		SolutionGuid = {59E24A52-EEF7-4F67-AE6D-2C9B333922A7}
	EndGlobalSection
EndGlobal
