
Microsoft Visual Studio Solution File, Format Version 12.00
# Visual Studio Version 17
VisualStudioVersion = 17.10.35013.160
MinimumVisualStudioVersion = 10.0.40219.1
Project("{888888A0-9F3D-457C-B088-3A5042F75D52}") = "Pickle_Jar", "Pickle_Jar.pyproj", "{3AE76611-5EE6-4AEA-B1A7-5C1CD071950D}"
EndProject
Global
	GlobalSection(SolutionConfigurationPlatforms) = preSolution
		Debug|Any CPU = Debug|Any CPU
		Release|Any CPU = Release|Any CPU
	EndGlobalSection
	GlobalSection(ProjectConfigurationPlatforms) = postSolution
		{3AE76611-5EE6-4AEA-B1A7-5C1CD071950D}.Debug|Any CPU.ActiveCfg = Debug|Any CPU
		{3AE76611-5EE6-4AEA-B1A7-5C1CD071950D}.Release|Any CPU.ActiveCfg = Release|Any CPU
	EndGlobalSection
	GlobalSection(SolutionProperties) = preSolution
		HideSolutionNode = FALSE
	EndGlobalSection
	GlobalSection(ExtensibilityGlobals) = postSolution
		SolutionGuid = {1227A6FB-919F-4B4A-BD42-0923894F3DF2}
	EndGlobalSection
EndGlobal
